
Microsoft Visual Studio Solution File, Format Version 12.00
# Visual Studio 15
VisualStudioVersion = 15.0.28010.2016
MinimumVisualStudioVersion = 10.0.40219.1
Project("{FAE04EC0-301F-11D3-BF4B-00C04F79EFBC}") = "Wizard of Paws (Rewrite)", "Wizard of Paws (Rewrite)\Wizard of Paws (Rewrite).csproj", "{FC1EE9B9-F586-4C78-95A7-C3FEC53E9866}"
EndProject
Global
	GlobalSection(SolutionConfigurationPlatforms) = preSolution
		Debug|Any CPU = Debug|Any CPU
		Release|Any CPU = Release|Any CPU
	EndGlobalSection
	GlobalSection(ProjectConfigurationPlatforms) = postSolution
		{FC1EE9B9-F586-4C78-95A7-C3FEC53E9866}.Debug|Any CPU.ActiveCfg = Debug|Any CPU
		{FC1EE9B9-F586-4C78-95A7-C3FEC53E9866}.Debug|Any CPU.Build.0 = Debug|Any CPU
		{FC1EE9B9-F586-4C78-95A7-C3FEC53E9866}.Release|Any CPU.ActiveCfg = Release|Any CPU
		{FC1EE9B9-F586-4C78-95A7-C3FEC53E9866}.Release|Any CPU.Build.0 = Release|Any CPU
	EndGlobalSection
	GlobalSection(SolutionProperties) = preSolution
		HideSolutionNode = FALSE
	EndGlobalSection
	GlobalSection(ExtensibilityGlobals) = postSolution
		SolutionGuid = {0DE4223A-352B-4FB5-90B5-438171BAF7FA}
	EndGlobalSection
EndGlobal
